
Microsoft Visual Studio Solution File, Format Version 12.00
# Visual Studio Version 16
VisualStudioVersion = 16.0.31105.61
MinimumVisualStudioVersion = 10.0.40219.1
Project("{FAE04EC0-301F-11D3-BF4B-00C04F79EFBC}") = "HotelListing", "HotelListing\HotelListing.csproj", "{B05D3956-8624-46E2-8396-3AA669528BD5}"
EndProject
Global
	GlobalSection(SolutionConfigurationPlatforms) = preSolution
		Debug|Any CPU = Debug|Any CPU
		Release|Any CPU = Release|Any CPU
	EndGlobalSection
	GlobalSection(ProjectConfigurationPlatforms) = postSolution
		{B05D3956-8624-46E2-8396-3AA669528BD5}.Debug|Any CPU.ActiveCfg = Debug|Any CPU
		{B05D3956-8624-46E2-8396-3AA669528BD5}.Debug|Any CPU.Build.0 = Debug|Any CPU
		{B05D3956-8624-46E2-8396-3AA669528BD5}.Release|Any CPU.ActiveCfg = Release|Any CPU
		{B05D3956-8624-46E2-8396-3AA669528BD5}.Release|Any CPU.Build.0 = Release|Any CPU
	EndGlobalSection
	GlobalSection(SolutionProperties) = preSolution
		HideSolutionNode = FALSE
	EndGlobalSection
	GlobalSection(ExtensibilityGlobals) = postSolution
		SolutionGuid = {22C4D539-2376-44F2-B3CC-03CB3AC7FF1C}
	EndGlobalSection
EndGlobal
